
Microsoft Visual Studio Solution File, Format Version 12.00
# Visual Studio Version 17
VisualStudioVersion = 17.11.34929.205
MinimumVisualStudioVersion = 10.0.40219.1
Project("{FAE04EC0-301F-11D3-BF4B-00C04F79EFBC}") = "ModJam5", "ModJam5.csproj", "{E6E75444-55EF-4AFD-A909-7F87D893E3D9}"
EndProject
Global
	GlobalSection(SolutionConfigurationPlatforms) = preSolution
		Debug|Any CPU = Debug|Any CPU
		Release|Any CPU = Release|Any CPU
	EndGlobalSection
	GlobalSection(ProjectConfigurationPlatforms) = postSolution
		{E6E75444-55EF-4AFD-A909-7F87D893E3D9}.Debug|Any CPU.ActiveCfg = Debug|Any CPU
		{E6E75444-55EF-4AFD-A909-7F87D893E3D9}.Debug|Any CPU.Build.0 = Debug|Any CPU
		{E6E75444-55EF-4AFD-A909-7F87D893E3D9}.Release|Any CPU.ActiveCfg = Release|Any CPU
		{E6E75444-55EF-4AFD-A909-7F87D893E3D9}.Release|Any CPU.Build.0 = Release|Any CPU
	EndGlobalSection
	GlobalSection(SolutionProperties) = preSolution
		HideSolutionNode = FALSE
	EndGlobalSection
	GlobalSection(ExtensibilityGlobals) = postSolution
		SolutionGuid = {8A8303CD-8A6A-415D-8E57-0E5CDC9C6B97}
	EndGlobalSection
EndGlobal
